
Microsoft Visual Studio Solution File, Format Version 12.00
# Visual Studio Version 16
VisualStudioVersion = 16.0.29806.167
MinimumVisualStudioVersion = 10.0.40219.1
Project("{FAE04EC0-301F-11D3-BF4B-00C04F79EFBC}") = "la femme no fatale", "la femme no fatale\la femme no fatale.csproj", "{E4A9C4FE-8934-4964-8102-CC11592E0C22}"
EndProject
Global
	GlobalSection(SolutionConfigurationPlatforms) = preSolution
		Debug|Any CPU = Debug|Any CPU
		Release|Any CPU = Release|Any CPU
	EndGlobalSection
	GlobalSection(ProjectConfigurationPlatforms) = postSolution
		{E4A9C4FE-8934-4964-8102-CC11592E0C22}.Debug|Any CPU.ActiveCfg = Debug|Any CPU
		{E4A9C4FE-8934-4964-8102-CC11592E0C22}.Debug|Any CPU.Build.0 = Debug|Any CPU
		{E4A9C4FE-8934-4964-8102-CC11592E0C22}.Release|Any CPU.ActiveCfg = Release|Any CPU
		{E4A9C4FE-8934-4964-8102-CC11592E0C22}.Release|Any CPU.Build.0 = Release|Any CPU
	EndGlobalSection
	GlobalSection(SolutionProperties) = preSolution
		HideSolutionNode = FALSE
	EndGlobalSection
	GlobalSection(ExtensibilityGlobals) = postSolution
		SolutionGuid = {31AE7CF3-2BAE-44DB-BAEC-7C3A8EFDC1F0}
	EndGlobalSection
EndGlobal
